// !$*UTF8*$!
{
	archiveVersion = 1;
	classes = {
	};
	objectVersion = 46;
	objects = {

/* Begin PBXBuildFile section */
		F6A9C0431B1C3ABD0014123B /* main.m in Sources */ = {isa = PBXBuildFile; fileRef = F6A9C0421B1C3ABD0014123B /* main.m */; };
		F6A9C0461B1C3ABD0014123B /* AppDelegate.m in Sources */ = {isa = PBXBuildFile; fileRef = F6A9C0451B1C3ABD0014123B /* AppDelegate.m */; };
		F6A9C0491B1C3ABD0014123B /* ViewController.m in Sources */ = {isa = PBXBuildFile; fileRef = F6A9C0481B1C3ABD0014123B /* ViewController.m */; };
		F6A9C04C1B1C3ABD0014123B /* Main.storyboard in Resources */ = {isa = PBXBuildFile; fileRef = F6A9C04A1B1C3ABD0014123B /* Main.storyboard */; };
		F6A9C04E1B1C3ABD0014123B /* Images.xcassets in Resources */ = {isa = PBXBuildFile; fileRef = F6A9C04D1B1C3ABD0014123B /* Images.xcassets */; };
		F6A9C0511B1C3ABD0014123B /* LaunchScreen.xib in Resources */ = {isa = PBXBuildFile; fileRef = F6A9C04F1B1C3ABD0014123B /* LaunchScreen.xib */; };
		F6A9C05D1B1C3ABD0014123B /* _0150601HuffManCodeTests.m in Sources */ = {isa = PBXBuildFile; fileRef = F6A9C05C1B1C3ABD0014123B /* _0150601HuffManCodeTests.m */; };
/* End PBXBuildFile section */

/* Begin PBXContainerItemProxy section */
		F6A9C0571B1C3ABD0014123B /* PBXContainerItemProxy */ = {
			isa = PBXContainerItemProxy;
			containerPortal = F6A9C0351B1C3ABD0014123B /* Project object */;
			proxyType = 1;
			remoteGlobalIDString = F6A9C03C1B1C3ABD0014123B;
			remoteInfo = 20150601HuffManCode;
		};
/* End PBXContainerItemProxy section */

/* Begin PBXFileReference section */
		F6A9C03D1B1C3ABD0014123B /* 20150601HuffManCode.app */ = {isa = PBXFileReference; explicitFileType = wrapper.application; includeInIndex = 0; path = 20150601HuffManCode.app; sourceTree = BUILT_PRODUCTS_DIR; };
		F6A9C0411B1C3ABD0014123B /* Info.plist */ = {isa = PBXFileReference; lastKnownFileType = text.plist.xml; path = Info.plist; sourceTree = "<group>"; };
		F6A9C0421B1C3ABD0014123B /* main.m */ = {isa = PBXFileReference; lastKnownFileType = sourcecode.c.objc; path = main.m; sourceTree = "<group>"; };
		F6A9C0441B1C3ABD0014123B /* AppDelegate.h */ = {isa = PBXFileReference; lastKnownFileType = sourcecode.c.h; path = AppDelegate.h; sourceTree = "<group>"; };
		F6A9C0451B1C3ABD0014123B /* AppDelegate.m */ = {isa = PBXFileReference; lastKnownFileType = sourcecode.c.objc; path = AppDelegate.m; sourceTree = "<group>"; };
		F6A9C0471B1C3ABD0014123B /* ViewController.h */ = {isa = PBXFileReference; lastKnownFileType = sourcecode.c.h; path = ViewController.h; sourceTree = "<group>"; };
		F6A9C0481B1C3ABD0014123B /* ViewController.m */ = {isa = PBXFileReference; lastKnownFileType = sourcecode.c.objc; path = ViewController.m; sourceTree = "<group>"; };
		F6A9C04B1B1C3ABD0014123B /* Base */ = {isa = PBXFileReference; lastKnownFileType = file.storyboard; name = Base; path = Base.lproj/Main.storyboard; sourceTree = "<group>"; };
		F6A9C04D1B1C3ABD0014123B /* Images.xcassets */ = {isa = PBXFileReference; lastKnownFileType = folder.assetcatalog; path = Images.xcassets; sourceTree = "<group>"; };
		F6A9C0501B1C3ABD0014123B /* Base */ = {isa = PBXFileReference; lastKnownFileType = file.xib; name = Base; path = Base.lproj/LaunchScreen.xib; sourceTree = "<group>"; };
		F6A9C0561B1C3ABD0014123B /* 20150601HuffManCodeTests.xctest */ = {isa = PBXFileReference; explicitFileType = wrapper.cfbundle; includeInIndex = 0; path = 20150601HuffManCodeTests.xctest; sourceTree = BUILT_PRODUCTS_DIR; };
		F6A9C05B1B1C3ABD0014123B /* Info.plist */ = {isa = PBXFileReference; lastKnownFileType = text.plist.xml; path = Info.plist; sourceTree = "<group>"; };
		F6A9C05C1B1C3ABD0014123B /* _0150601HuffManCodeTests.m */ = {isa = PBXFileReference; lastKnownFileType = sourcecode.c.objc; path = _0150601HuffManCodeTests.m; sourceTree = "<group>"; };
/* End PBXFileReference section */

/* Begin PBXFrameworksBuildPhase section */
		F6A9C03A1B1C3ABD0014123B /* Frameworks */ = {
			isa = PBXFrameworksBuildPhase;
			buildActionMask = 2147483647;
			files = (
			);
			runOnlyForDeploymentPostprocessing = 0;
		};
		F6A9C0531B1C3ABD0014123B /* Frameworks */ = {
			isa = PBXFrameworksBuildPhase;
			buildActionMask = 2147483647;
			files = (
			);
			runOnlyForDeploymentPostprocessing = 0;
		};
/* End PBXFrameworksBuildPhase section */

/* Begin PBXGroup section */
		F6A9C0341B1C3ABD0014123B = {
			isa = PBXGroup;
			children = (
				F6A9C03F1B1C3ABD0014123B /* 20150601HuffManCode */,
				F6A9C0591B1C3ABD0014123B /* 20150601HuffManCodeTests */,
				F6A9C03E1B1C3ABD0014123B /* Products */,
			);
			sourceTree = "<group>";
		};
		F6A9C03E1B1C3ABD0014123B /* Products */ = {
			isa = PBXGroup;
			children = (
				F6A9C03D1B1C3ABD0014123B /* 20150601HuffManCode.app */,
				F6A9C0561B1C3ABD0014123B /* 20150601HuffManCodeTests.xctest */,
			);
			name = Products;
			sourceTree = "<group>";
		};
		F6A9C03F1B1C3ABD0014123B /* 20150601HuffManCode */ = {
			isa = PBXGroup;
			children = (
				F6A9C0441B1C3ABD0014123B /* AppDelegate.h */,
				F6A9C0451B1C3ABD0014123B /* AppDelegate.m */,
				F6A9C0471B1C3ABD0014123B /* ViewController.h */,
				F6A9C0481B1C3ABD0014123B /* ViewController.m */,
				F6A9C04A1B1C3ABD0014123B /* Main.storyboard */,
				F6A9C04D1B1C3ABD0014123B /* Images.xcassets */,
				F6A9C04F1B1C3ABD0014123B /* LaunchScreen.xib */,
				F6A9C0401B1C3ABD0014123B /* Supporting Files */,
			);
			path = 20150601HuffManCode;
			sourceTree = "<group>";
		};
		F6A9C0401B1C3ABD0014123B /* Supporting Files */ = {
			isa = PBXGroup;
			children = (
				F6A9C0411B1C3ABD0014123B /* Info.plist */,
				F6A9C0421B1C3ABD0014123B /* main.m */,
			);
			name = "Supporting Files";
			sourceTree = "<group>";
		};
		F6A9C0591B1C3ABD0014123B /* 20150601HuffManCodeTests */ = {
			isa = PBXGroup;
			children = (
				F6A9C05C1B1C3ABD0014123B /* _0150601HuffManCodeTests.m */,
				F6A9C05A1B1C3ABD0014123B /* Supporting Files */,
			);
			path = 20150601HuffManCodeTests;
			sourceTree = "<group>";
		};
		F6A9C05A1B1C3ABD0014123B /* Supporting Files */ = {
			isa = PBXGroup;
			children = (
				F6A9C05B1B1C3ABD0014123B /* Info.plist */,
			);
			name = "Supporting Files";
			sourceTree = "<group>";
		};
/* End PBXGroup section */

/* Begin PBXNativeTarget section */
		F6A9C03C1B1C3ABD0014123B /* 20150601HuffManCode */ = {
			isa = PBXNativeTarget;
			buildConfigurationList = F6A9C0601B1C3ABD0014123B /* Build configuration list for PBXNativeTarget "20150601HuffManCode" */;
			buildPhases = (
				F6A9C0391B1C3ABD0014123B /* Sources */,
				F6A9C03A1B1C3ABD0014123B /* Frameworks */,
				F6A9C03B1B1C3ABD0014123B /* Resources */,
			);
			buildRules = (
			);
			dependencies = (
			);
			name = 20150601HuffManCode;
			productName = 20150601HuffManCode;
			productReference = F6A9C03D1B1C3ABD0014123B /* 20150601HuffManCode.app */;
			productType = "com.apple.product-type.application";
		};
		F6A9C0551B1C3ABD0014123B /* 20150601HuffManCodeTests */ = {
			isa = PBXNativeTarget;
			buildConfigurationList = F6A9C0631B1C3ABD0014123B /* Build configuration list for PBXNativeTarget "20150601HuffManCodeTests" */;
			buildPhases = (
				F6A9C0521B1C3ABD0014123B /* Sources */,
				F6A9C0531B1C3ABD0014123B /* Frameworks */,
				F6A9C0541B1C3ABD0014123B /* Resources */,
			);
			buildRules = (
			);
			dependencies = (
				F6A9C0581B1C3ABD0014123B /* PBXTargetDependency */,
			);
			name = 20150601HuffManCodeTests;
			productName = 20150601HuffManCodeTests;
			productReference = F6A9C0561B1C3ABD0014123B /* 20150601HuffManCodeTests.xctest */;
			productType = "com.apple.product-type.bundle.unit-test";
		};
/* End PBXNativeTarget section */

/* Begin PBXProject section */
		F6A9C0351B1C3ABD0014123B /* Project object */ = {
			isa = PBXProject;
			attributes = {
				LastUpgradeCheck = 0630;
				ORGANIZATIONNAME = PRINTER;
				TargetAttributes = {
					F6A9C03C1B1C3ABD0014123B = {
						CreatedOnToolsVersion = 6.3.2;
					};
					F6A9C0551B1C3ABD0014123B = {
						CreatedOnToolsVersion = 6.3.2;
						TestTargetID = F6A9C03C1B1C3ABD0014123B;
					};
				};
			};
			buildConfigurationList = F6A9C0381B1C3ABD0014123B /* Build configuration list for PBXProject "20150601HuffManCode" */;
			compatibilityVersion = "Xcode 3.2";
			developmentRegion = English;
			hasScannedForEncodings = 0;
			knownRegions = (
				en,
				Base,
			);
			mainGroup = F6A9C0341B1C3ABD0014123B;
			productRefGroup = F6A9C03E1B1C3ABD0014123B /* Products */;
			projectDirPath = "";
			projectRoot = "";
			targets = (
				F6A9C03C1B1C3ABD0014123B /* 20150601HuffManCode */,
				F6A9C0551B1C3ABD0014123B /* 20150601HuffManCodeTests */,
			);
		};
/* End PBXProject section */

/* Begin PBXResourcesBuildPhase section */
		F6A9C03B1B1C3ABD0014123B /* Resources */ = {
			isa = PBXResourcesBuildPhase;
			buildActionMask = 2147483647;
			files = (
				F6A9C04C1B1C3ABD0014123B /* Main.storyboard in Resources */,
				F6A9C0511B1C3ABD0014123B /* LaunchScreen.xib in Resources */,
				F6A9C04E1B1C3ABD0014123B /* Images.xcassets in Resources */,
			);
			runOnlyForDeploymentPostprocessing = 0;
		};
		F6A9C0541B1C3ABD0014123B /* Resources */ = {
			isa = PBXResourcesBuildPhase;
			buildActionMask = 2147483647;
			files = (
			);
			runOnlyForDeploymentPostprocessing = 0;
		};
/* End PBXResourcesBuildPhase section */

/* Begin PBXSourcesBuildPhase section */
		F6A9C0391B1C3ABD0014123B /* Sources */ = {
			isa = PBXSourcesBuildPhase;
			buildActionMask = 2147483647;
			files = (
				F6A9C0491B1C3ABD0014123B /* ViewController.m in Sources */,
				F6A9C0461B1C3ABD0014123B /* AppDelegate.m in Sources */,
				F6A9C0431B1C3ABD0014123B /* main.m in Sources */,
			);
			runOnlyForDeploymentPostprocessing = 0;
		};
		F6A9C0521B1C3ABD0014123B /* Sources */ = {
			isa = PBXSourcesBuildPhase;
			buildActionMask = 2147483647;
			files = (
				F6A9C05D1B1C3ABD0014123B /* _0150601HuffManCodeTests.m in Sources */,
			);
			runOnlyForDeploymentPostprocessing = 0;
		};
/* End PBXSourcesBuildPhase section */

/* Begin PBXTargetDependency section */
		F6A9C0581B1C3ABD0014123B /* PBXTargetDependency */ = {
			isa = PBXTargetDependency;
			target = F6A9C03C1B1C3ABD0014123B /* 20150601HuffManCode */;
			targetProxy = F6A9C0571B1C3ABD0014123B /* PBXContainerItemProxy */;
		};
/* End PBXTargetDependency section */

/* Begin PBXVariantGroup section */
		F6A9C04A1B1C3ABD0014123B /* Main.storyboard */ = {
			isa = PBXVariantGroup;
			children = (
				F6A9C04B1B1C3ABD0014123B /* Base */,
			);
			name = Main.storyboard;
			sourceTree = "<group>";
		};
		F6A9C04F1B1C3ABD0014123B /* LaunchScreen.xib */ = {
			isa = PBXVariantGroup;
			children = (
				F6A9C0501B1C3ABD0014123B /* Base */,
			);
			name = LaunchScreen.xib;
			sourceTree = "<group>";
		};
/* End PBXVariantGroup section */

/* Begin XCBuildConfiguration section */
		F6A9C05E1B1C3ABD0014123B /* Debug */ = {
			isa = XCBuildConfiguration;
			buildSettings = {
				ALWAYS_SEARCH_USER_PATHS = NO;
				CLANG_CXX_LANGUAGE_STANDARD = "gnu++0x";
				CLANG_CXX_LIBRARY = "libc++";
				CLANG_ENABLE_MODULES = YES;
				CLANG_ENABLE_OBJC_ARC = YES;
				CLANG_WARN_BOOL_CONVERSION = YES;
				CLANG_WARN_CONSTANT_CONVERSION = YES;
				CLANG_WARN_DIRECT_OBJC_ISA_USAGE = YES_ERROR;
				CLANG_WARN_EMPTY_BODY = YES;
				CLANG_WARN_ENUM_CONVERSION = YES;
				CLANG_WARN_INT_CONVERSION = YES;
				CLANG_WARN_OBJC_ROOT_CLASS = YES_ERROR;
				CLANG_WARN_UNREACHABLE_CODE = YES;
				CLANG_WARN__DUPLICATE_METHOD_MATCH = YES;
				"CODE_SIGN_IDENTITY[sdk=iphoneos*]" = "iPhone Developer";
				COPY_PHASE_STRIP = NO;
				DEBUG_INFORMATION_FORMAT = "dwarf-with-dsym";
				ENABLE_STRICT_OBJC_MSGSEND = YES;
				GCC_C_LANGUAGE_STANDARD = gnu99;
				GCC_DYNAMIC_NO_PIC = NO;
				GCC_NO_COMMON_BLOCKS = YES;
				GCC_OPTIMIZATION_LEVEL = 0;
				GCC_PREPROCESSOR_DEFINITIONS = (
					"DEBUG=1",
					"$(inherited)",
				);
				GCC_SYMBOLS_PRIVATE_EXTERN = NO;
				GCC_WARN_64_TO_32_BIT_CONVERSION = YES;
				GCC_WARN_ABOUT_RETURN_TYPE = YES_ERROR;
				GCC_WARN_UNDECLARED_SELECTOR = YES;
				GCC_WARN_UNINITIALIZED_AUTOS = YES_AGGRESSIVE;
				GCC_WARN_UNUSED_FUNCTION = YES;
				GCC_WARN_UNUSED_VARIABLE = YES;
				IPHONEOS_DEPLOYMENT_TARGET = 8.3;
				MTL_ENABLE_DEBUG_INFO = YES;
				ONLY_ACTIVE_ARCH = YES;
				SDKROOT = iphoneos;
			};
			name = Debug;
		};
		F6A9C05F1B1C3ABD0014123B /* Release */ = {
			isa = XCBuildConfiguration;
			buildSettings = {
				ALWAYS_SEARCH_USER_PATHS = NO;
				CLANG_CXX_LANGUAGE_STANDARD = "gnu++0x";
				CLANG_CXX_LIBRARY = "libc++";
				CLANG_ENABLE_MODULES = YES;
				CLANG_ENABLE_OBJC_ARC = YES;
				CLANG_WARN_BOOL_CONVERSION = YES;
				CLANG_WARN_CONSTANT_CONVERSION = YES;
				CLANG_WARN_DIRECT_OBJC_ISA_USAGE = YES_ERROR;
				CLANG_WARN_EMPTY_BODY = YES;
				CLANG_WARN_ENUM_CONVERSION = YES;
				CLANG_WARN_INT_CONVERSION = YES;
				CLANG_WARN_OBJC_ROOT_CLASS = YES_ERROR;
				CLANG_WARN_UNREACHABLE_CODE = YES;
				CLANG_WARN__DUPLICATE_METHOD_MATCH = YES;
				"CODE_SIGN_IDENTITY[sdk=iphoneos*]" = "iPhone Developer";
				COPY_PHASE_STRIP = NO;
				DEBUG_INFORMATION_FORMAT = "dwarf-with-dsym";
				ENABLE_NS_ASSERTIONS = NO;
				ENABLE_STRICT_OBJC_MSGSEND = YES;
				GCC_C_LANGUAGE_STANDARD = gnu99;
				GCC_NO_COMMON_BLOCKS = YES;
				GCC_WARN_64_TO_32_BIT_CONVERSION = YES;
				GCC_WARN_ABOUT_RETURN_TYPE = YES_ERROR;
				GCC_WARN_UNDECLARED_SELECTOR = YES;
				GCC_WARN_UNINITIALIZED_AUTOS = YES_AGGRESSIVE;
				GCC_WARN_UNUSED_FUNCTION = YES;
				GCC_WARN_UNUSED_VARIABLE = YES;
				IPHONEOS_DEPLOYMENT_TARGET = 8.3;
				MTL_ENABLE_DEBUG_INFO = NO;
				SDKROOT = iphoneos;
				VALIDATE_PRODUCT = YES;
			};
			name = Release;
		};
		F6A9C0611B1C3ABD0014123B /* Debug */ = {
			isa = XCBuildConfiguration;
			buildSettings = {
				ASSETCATALOG_COMPILER_APPICON_NAME = AppIcon;
				INFOPLIST_FILE = 20150601HuffManCode/Info.plist;
				LD_RUNPATH_SEARCH_PATHS = "$(inherited) @executable_path/Frameworks";
				PRODUCT_NAME = "$(TARGET_NAME)";
			};
			name = Debug;
		};
		F6A9C0621B1C3ABD0014123B /* Release */ = {
			isa = XCBuildConfiguration;
			buildSettings = {
				ASSETCATALOG_COMPILER_APPICON_NAME = AppIcon;
				INFOPLIST_FILE = 20150601HuffManCode/Info.plist;
				LD_RUNPATH_SEARCH_PATHS = "$(inherited) @executable_path/Frameworks";
				PRODUCT_NAME = "$(TARGET_NAME)";
			};
			name = Release;
		};
		F6A9C0641B1C3ABD0014123B /* Debug */ = {
			isa = XCBuildConfiguration;
			buildSettings = {
				BUNDLE_LOADER = "$(TEST_HOST)";
				FRAMEWORK_SEARCH_PATHS = (
					"$(SDKROOT)/Developer/Library/Frameworks",
					"$(inherited)",
				);
				GCC_PREPROCESSOR_DEFINITIONS = (
					"DEBUG=1",
					"$(inherited)",
				);
				INFOPLIST_FILE = 20150601HuffManCodeTests/Info.plist;
				LD_RUNPATH_SEARCH_PATHS = "$(inherited) @executable_path/Frameworks @loader_path/Frameworks";
				PRODUCT_NAME = "$(TARGET_NAME)";
				TEST_HOST = "$(BUILT_PRODUCTS_DIR)/20150601HuffManCode.app/20150601HuffManCode";
			};
			name = Debug;
		};
		F6A9C0651B1C3ABD0014123B /* Release */ = {
			isa = XCBuildConfiguration;
			buildSettings = {
				BUNDLE_LOADER = "$(TEST_HOST)";
				FRAMEWORK_SEARCH_PATHS = (
					"$(SDKROOT)/Developer/Library/Frameworks",
					"$(inherited)",
				);
				INFOPLIST_FILE = 20150601HuffManCodeTests/Info.plist;
				LD_RUNPATH_SEARCH_PATHS = "$(inherited) @executable_path/Frameworks @loader_path/Frameworks";
				PRODUCT_NAME = "$(TARGET_NAME)";
				TEST_HOST = "$(BUILT_PRODUCTS_DIR)/20150601HuffManCode.app/20150601HuffManCode";
			};
			name = Release;
		};
/* End XCBuildConfiguration section */

/* Begin XCConfigurationList section */
		F6A9C0381B1C3ABD0014123B /* Build configuration list for PBXProject "20150601HuffManCode" */ = {
			isa = XCConfigurationList;
			buildConfigurations = (
				F6A9C05E1B1C3ABD0014123B /* Debug */,
				F6A9C05F1B1C3ABD0014123B /* Release */,
			);
			defaultConfigurationIsVisible = 0;
			defaultConfigurationName = Release;
		};
		F6A9C0601B1C3ABD0014123B /* Build configuration list for PBXNativeTarget "20150601HuffManCode" */ = {
			isa = XCConfigurationList;
			buildConfigurations = (
				F6A9C0611B1C3ABD0014123B /* Debug */,
				F6A9C0621B1C3ABD0014123B /* Release */,
			);
			defaultConfigurationIsVisible = 0;
		};
		F6A9C0631B1C3ABD0014123B /* Build configuration list for PBXNativeTarget "20150601HuffManCodeTests" */ = {
			isa = XCConfigurationList;
			buildConfigurations = (
				F6A9C0641B1C3ABD0014123B /* Debug */,
				F6A9C0651B1C3ABD0014123B /* Release */,
			);
			defaultConfigurationIsVisible = 0;
		};
/* End XCConfigurationList section */
	};
	rootObject = F6A9C0351B1C3ABD0014123B /* Project object */;
}
